// !$*UTF8*$!
{
	archiveVersion = 1;
	classes = {
	};
	objectVersion = 56;
	objects = {

/* Begin PBXBuildFile section */
		9F223AB22CFE1625005262E3 /* EditSessionView.swift in Sources */ = {isa = PBXBuildFile; fileRef = 9F223AB12CFE1625005262E3 /* EditSessionView.swift */; };
		9F9B20282CDE9E6B00392A5C /* SwipeyApp.swift in Sources */ = {isa = PBXBuildFile; fileRef = 9F9B20272CDE9E6B00392A5C /* SwipeyApp.swift */; };
		9F9B202A2CDE9E6B00392A5C /* ContentView.swift in Sources */ = {isa = PBXBuildFile; fileRef = 9F9B20292CDE9E6B00392A5C /* ContentView.swift */; };
		9F9B202C2CDE9E6C00392A5C /* Assets.xcassets in Resources */ = {isa = PBXBuildFile; fileRef = 9F9B202B2CDE9E6C00392A5C /* Assets.xcassets */; };
		9F9B20302CDE9E6C00392A5C /* Preview Assets.xcassets in Resources */ = {isa = PBXBuildFile; fileRef = 9F9B202F2CDE9E6C00392A5C /* Preview Assets.xcassets */; };
		9F9B20372CDE9EDA00392A5C /* Photo.swift in Sources */ = {isa = PBXBuildFile; fileRef = 9F9B20362CDE9EDA00392A5C /* Photo.swift */; };
		9F9B20392CDEA17900392A5C /* PhotoLibraryViewModel.swift in Sources */ = {isa = PBXBuildFile; fileRef = 9F9B20382CDEA17900392A5C /* PhotoLibraryViewModel.swift */; };
		9F9B203B2CDEA19400392A5C /* PhotoView.swift in Sources */ = {isa = PBXBuildFile; fileRef = 9F9B203A2CDEA19400392A5C /* PhotoView.swift */; };
		9FC9888F2CE544D200B1601F /* PhotoLibraryRequestView.swift in Sources */ = {isa = PBXBuildFile; fileRef = 9FC9888E2CE544D200B1601F /* PhotoLibraryRequestView.swift */; };
/* End PBXBuildFile section */

/* Begin PBXFileReference section */
		9F223AB12CFE1625005262E3 /* EditSessionView.swift */ = {isa = PBXFileReference; lastKnownFileType = sourcecode.swift; path = EditSessionView.swift; sourceTree = "<group>"; };
		9F9B20242CDE9E6B00392A5C /* Swiper.app */ = {isa = PBXFileReference; explicitFileType = wrapper.application; includeInIndex = 0; path = Swiper.app; sourceTree = BUILT_PRODUCTS_DIR; };
		9F9B20272CDE9E6B00392A5C /* SwipeyApp.swift */ = {isa = PBXFileReference; lastKnownFileType = sourcecode.swift; path = SwipeyApp.swift; sourceTree = "<group>"; };
		9F9B20292CDE9E6B00392A5C /* ContentView.swift */ = {isa = PBXFileReference; lastKnownFileType = sourcecode.swift; path = ContentView.swift; sourceTree = "<group>"; };
		9F9B202B2CDE9E6C00392A5C /* Assets.xcassets */ = {isa = PBXFileReference; lastKnownFileType = folder.assetcatalog; path = Assets.xcassets; sourceTree = "<group>"; };
		9F9B202D2CDE9E6C00392A5C /* Swiper.entitlements */ = {isa = PBXFileReference; lastKnownFileType = text.plist.entitlements; path = Swiper.entitlements; sourceTree = "<group>"; };
		9F9B202F2CDE9E6C00392A5C /* Preview Assets.xcassets */ = {isa = PBXFileReference; lastKnownFileType = folder.assetcatalog; path = "Preview Assets.xcassets"; sourceTree = "<group>"; };
		9F9B20362CDE9EDA00392A5C /* Photo.swift */ = {isa = PBXFileReference; lastKnownFileType = sourcecode.swift; path = Photo.swift; sourceTree = "<group>"; };
		9F9B20382CDEA17900392A5C /* PhotoLibraryViewModel.swift */ = {isa = PBXFileReference; lastKnownFileType = sourcecode.swift; path = PhotoLibraryViewModel.swift; sourceTree = "<group>"; };
		9F9B203A2CDEA19400392A5C /* PhotoView.swift */ = {isa = PBXFileReference; lastKnownFileType = sourcecode.swift; path = PhotoView.swift; sourceTree = "<group>"; };
		9FC9888E2CE544D200B1601F /* PhotoLibraryRequestView.swift */ = {isa = PBXFileReference; lastKnownFileType = sourcecode.swift; path = PhotoLibraryRequestView.swift; sourceTree = "<group>"; };
/* End PBXFileReference section */

/* Begin PBXFrameworksBuildPhase section */
		9F9B20212CDE9E6B00392A5C /* Frameworks */ = {
			isa = PBXFrameworksBuildPhase;
			buildActionMask = 2147483647;
			files = (
			);
			runOnlyForDeploymentPostprocessing = 0;
		};
/* End PBXFrameworksBuildPhase section */

/* Begin PBXGroup section */
		9F9B201B2CDE9E6B00392A5C = {
			isa = PBXGroup;
			children = (
				9F9B20262CDE9E6B00392A5C /* Swiper */,
				9F9B20252CDE9E6B00392A5C /* Products */,
			);
			sourceTree = "<group>";
		};
		9F9B20252CDE9E6B00392A5C /* Products */ = {
			isa = PBXGroup;
			children = (
				9F9B20242CDE9E6B00392A5C /* Swiper.app */,
			);
			name = Products;
			sourceTree = "<group>";
		};
		9F9B20262CDE9E6B00392A5C /* Swiper */ = {
			isa = PBXGroup;
			children = (
				9FC9888D2CE5432E00B1601F /* Photo Library Request */,
				9F9B20292CDE9E6B00392A5C /* ContentView.swift */,
				9F9B20272CDE9E6B00392A5C /* SwipeyApp.swift */,
				9F9B203A2CDEA19400392A5C /* PhotoView.swift */,
				9F9B20382CDEA17900392A5C /* PhotoLibraryViewModel.swift */,
				9F9B20362CDE9EDA00392A5C /* Photo.swift */,
				9F223AB12CFE1625005262E3 /* EditSessionView.swift */,
				9F9B202B2CDE9E6C00392A5C /* Assets.xcassets */,
				9F9B202D2CDE9E6C00392A5C /* Swiper.entitlements */,
				9F9B202E2CDE9E6C00392A5C /* Preview Content */,
			);
			path = Swiper;
			sourceTree = "<group>";
		};
		9F9B202E2CDE9E6C00392A5C /* Preview Content */ = {
			isa = PBXGroup;
			children = (
				9F9B202F2CDE9E6C00392A5C /* Preview Assets.xcassets */,
			);
			path = "Preview Content";
			sourceTree = "<group>";
		};
		9FC9888D2CE5432E00B1601F /* Photo Library Request */ = {
			isa = PBXGroup;
			children = (
				9FC9888E2CE544D200B1601F /* PhotoLibraryRequestView.swift */,
			);
			path = "Photo Library Request";
			sourceTree = "<group>";
		};
/* End PBXGroup section */

/* Begin PBXNativeTarget section */
		9F9B20232CDE9E6B00392A5C /* Swiper */ = {
			isa = PBXNativeTarget;
			buildConfigurationList = 9F9B20332CDE9E6C00392A5C /* Build configuration list for PBXNativeTarget "Swiper" */;
			buildPhases = (
				9F9B20202CDE9E6B00392A5C /* Sources */,
				9F9B20212CDE9E6B00392A5C /* Frameworks */,
				9F9B20222CDE9E6B00392A5C /* Resources */,
			);
			buildRules = (
			);
			dependencies = (
			);
			name = Swiper;
			productName = Swipey;
			productReference = 9F9B20242CDE9E6B00392A5C /* Swiper.app */;
			productType = "com.apple.product-type.application";
		};
/* End PBXNativeTarget section */

/* Begin PBXProject section */
		9F9B201C2CDE9E6B00392A5C /* Project object */ = {
			isa = PBXProject;
			attributes = {
				BuildIndependentTargetsInParallel = 1;
				LastSwiftUpdateCheck = 1500;
				LastUpgradeCheck = 1500;
				TargetAttributes = {
					9F9B20232CDE9E6B00392A5C = {
						CreatedOnToolsVersion = 15.0.1;
					};
				};
			};
			buildConfigurationList = 9F9B201F2CDE9E6B00392A5C /* Build configuration list for PBXProject "Swiper" */;
			compatibilityVersion = "Xcode 14.0";
			developmentRegion = en;
			hasScannedForEncodings = 0;
			knownRegions = (
				en,
				Base,
			);
			mainGroup = 9F9B201B2CDE9E6B00392A5C;
			productRefGroup = 9F9B20252CDE9E6B00392A5C /* Products */;
			projectDirPath = "";
			projectRoot = "";
			targets = (
				9F9B20232CDE9E6B00392A5C /* Swiper */,
			);
		};
/* End PBXProject section */

/* Begin PBXResourcesBuildPhase section */
		9F9B20222CDE9E6B00392A5C /* Resources */ = {
			isa = PBXResourcesBuildPhase;
			buildActionMask = 2147483647;
			files = (
				9F9B20302CDE9E6C00392A5C /* Preview Assets.xcassets in Resources */,
				9F9B202C2CDE9E6C00392A5C /* Assets.xcassets in Resources */,
			);
			runOnlyForDeploymentPostprocessing = 0;
		};
/* End PBXResourcesBuildPhase section */

/* Begin PBXSourcesBuildPhase section */
		9F9B20202CDE9E6B00392A5C /* Sources */ = {
			isa = PBXSourcesBuildPhase;
			buildActionMask = 2147483647;
			files = (
				9F223AB22CFE1625005262E3 /* EditSessionView.swift in Sources */,
				9F9B20372CDE9EDA00392A5C /* Photo.swift in Sources */,
				9F9B20392CDEA17900392A5C /* PhotoLibraryViewModel.swift in Sources */,
				9F9B202A2CDE9E6B00392A5C /* ContentView.swift in Sources */,
				9F9B203B2CDEA19400392A5C /* PhotoView.swift in Sources */,
				9F9B20282CDE9E6B00392A5C /* SwipeyApp.swift in Sources */,
				9FC9888F2CE544D200B1601F /* PhotoLibraryRequestView.swift in Sources */,
			);
			runOnlyForDeploymentPostprocessing = 0;
		};
/* End PBXSourcesBuildPhase section */

/* Begin XCBuildConfiguration section */
		9F9B20312CDE9E6C00392A5C /* Debug */ = {
			isa = XCBuildConfiguration;
			buildSettings = {
				ALWAYS_SEARCH_USER_PATHS = NO;
				ASSETCATALOG_COMPILER_GENERATE_SWIFT_ASSET_SYMBOL_EXTENSIONS = YES;
				CLANG_ANALYZER_NONNULL = YES;
				CLANG_ANALYZER_NUMBER_OBJECT_CONVERSION = YES_AGGRESSIVE;
				CLANG_CXX_LANGUAGE_STANDARD = "gnu++20";
				CLANG_ENABLE_MODULES = YES;
				CLANG_ENABLE_OBJC_ARC = YES;
				CLANG_ENABLE_OBJC_WEAK = YES;
				CLANG_WARN_BLOCK_CAPTURE_AUTORELEASING = YES;
				CLANG_WARN_BOOL_CONVERSION = YES;
				CLANG_WARN_COMMA = YES;
				CLANG_WARN_CONSTANT_CONVERSION = YES;
				CLANG_WARN_DEPRECATED_OBJC_IMPLEMENTATIONS = YES;
				CLANG_WARN_DIRECT_OBJC_ISA_USAGE = YES_ERROR;
				CLANG_WARN_DOCUMENTATION_COMMENTS = YES;
				CLANG_WARN_EMPTY_BODY = YES;
				CLANG_WARN_ENUM_CONVERSION = YES;
				CLANG_WARN_INFINITE_RECURSION = YES;
				CLANG_WARN_INT_CONVERSION = YES;
				CLANG_WARN_NON_LITERAL_NULL_CONVERSION = YES;
				CLANG_WARN_OBJC_IMPLICIT_RETAIN_SELF = YES;
				CLANG_WARN_OBJC_LITERAL_CONVERSION = YES;
				CLANG_WARN_OBJC_ROOT_CLASS = YES_ERROR;
				CLANG_WARN_QUOTED_INCLUDE_IN_FRAMEWORK_HEADER = YES;
				CLANG_WARN_RANGE_LOOP_ANALYSIS = YES;
				CLANG_WARN_STRICT_PROTOTYPES = YES;
				CLANG_WARN_SUSPICIOUS_MOVE = YES;
				CLANG_WARN_UNGUARDED_AVAILABILITY = YES_AGGRESSIVE;
				CLANG_WARN_UNREACHABLE_CODE = YES;
				CLANG_WARN__DUPLICATE_METHOD_MATCH = YES;
				COPY_PHASE_STRIP = NO;
				DEBUG_INFORMATION_FORMAT = dwarf;
				ENABLE_STRICT_OBJC_MSGSEND = YES;
				ENABLE_TESTABILITY = YES;
				ENABLE_USER_SCRIPT_SANDBOXING = YES;
				GCC_C_LANGUAGE_STANDARD = gnu17;
				GCC_DYNAMIC_NO_PIC = NO;
				GCC_NO_COMMON_BLOCKS = YES;
				GCC_OPTIMIZATION_LEVEL = 0;
				GCC_PREPROCESSOR_DEFINITIONS = (
					"DEBUG=1",
					"$(inherited)",
				);
				GCC_WARN_64_TO_32_BIT_CONVERSION = YES;
				GCC_WARN_ABOUT_RETURN_TYPE = YES_ERROR;
				GCC_WARN_UNDECLARED_SELECTOR = YES;
				GCC_WARN_UNINITIALIZED_AUTOS = YES_AGGRESSIVE;
				GCC_WARN_UNUSED_FUNCTION = YES;
				GCC_WARN_UNUSED_VARIABLE = YES;
				LOCALIZATION_PREFERS_STRING_CATALOGS = YES;
				MTL_ENABLE_DEBUG_INFO = INCLUDE_SOURCE;
				MTL_FAST_MATH = YES;
				ONLY_ACTIVE_ARCH = YES;
				SWIFT_ACTIVE_COMPILATION_CONDITIONS = "DEBUG $(inherited)";
				SWIFT_OPTIMIZATION_LEVEL = "-Onone";
			};
			name = Debug;
		};
		9F9B20322CDE9E6C00392A5C /* Release */ = {
			isa = XCBuildConfiguration;
			buildSettings = {
				ALWAYS_SEARCH_USER_PATHS = NO;
				ASSETCATALOG_COMPILER_GENERATE_SWIFT_ASSET_SYMBOL_EXTENSIONS = YES;
				CLANG_ANALYZER_NONNULL = YES;
				CLANG_ANALYZER_NUMBER_OBJECT_CONVERSION = YES_AGGRESSIVE;
				CLANG_CXX_LANGUAGE_STANDARD = "gnu++20";
				CLANG_ENABLE_MODULES = YES;
				CLANG_ENABLE_OBJC_ARC = YES;
				CLANG_ENABLE_OBJC_WEAK = YES;
				CLANG_WARN_BLOCK_CAPTURE_AUTORELEASING = YES;
				CLANG_WARN_BOOL_CONVERSION = YES;
				CLANG_WARN_COMMA = YES;
				CLANG_WARN_CONSTANT_CONVERSION = YES;
				CLANG_WARN_DEPRECATED_OBJC_IMPLEMENTATIONS = YES;
				CLANG_WARN_DIRECT_OBJC_ISA_USAGE = YES_ERROR;
				CLANG_WARN_DOCUMENTATION_COMMENTS = YES;
				CLANG_WARN_EMPTY_BODY = YES;
				CLANG_WARN_ENUM_CONVERSION = YES;
				CLANG_WARN_INFINITE_RECURSION = YES;
				CLANG_WARN_INT_CONVERSION = YES;
				CLANG_WARN_NON_LITERAL_NULL_CONVERSION = YES;
				CLANG_WARN_OBJC_IMPLICIT_RETAIN_SELF = YES;
				CLANG_WARN_OBJC_LITERAL_CONVERSION = YES;
				CLANG_WARN_OBJC_ROOT_CLASS = YES_ERROR;
				CLANG_WARN_QUOTED_INCLUDE_IN_FRAMEWORK_HEADER = YES;
				CLANG_WARN_RANGE_LOOP_ANALYSIS = YES;
				CLANG_WARN_STRICT_PROTOTYPES = YES;
				CLANG_WARN_SUSPICIOUS_MOVE = YES;
				CLANG_WARN_UNGUARDED_AVAILABILITY = YES_AGGRESSIVE;
				CLANG_WARN_UNREACHABLE_CODE = YES;
				CLANG_WARN__DUPLICATE_METHOD_MATCH = YES;
				COPY_PHASE_STRIP = NO;
				DEBUG_INFORMATION_FORMAT = "dwarf-with-dsym";
				ENABLE_NS_ASSERTIONS = NO;
				ENABLE_STRICT_OBJC_MSGSEND = YES;
				ENABLE_USER_SCRIPT_SANDBOXING = YES;
				GCC_C_LANGUAGE_STANDARD = gnu17;
				GCC_NO_COMMON_BLOCKS = YES;
				GCC_WARN_64_TO_32_BIT_CONVERSION = YES;
				GCC_WARN_ABOUT_RETURN_TYPE = YES_ERROR;
				GCC_WARN_UNDECLARED_SELECTOR = YES;
				GCC_WARN_UNINITIALIZED_AUTOS = YES_AGGRESSIVE;
				GCC_WARN_UNUSED_FUNCTION = YES;
				GCC_WARN_UNUSED_VARIABLE = YES;
				LOCALIZATION_PREFERS_STRING_CATALOGS = YES;
				MTL_ENABLE_DEBUG_INFO = NO;
				MTL_FAST_MATH = YES;
				SWIFT_COMPILATION_MODE = wholemodule;
			};
			name = Release;
		};
		9F9B20342CDE9E6C00392A5C /* Debug */ = {
			isa = XCBuildConfiguration;
			buildSettings = {
				ASSETCATALOG_COMPILER_APPICON_NAME = AppIcon;
				ASSETCATALOG_COMPILER_GLOBAL_ACCENT_COLOR_NAME = AccentColor;
				CODE_SIGN_ENTITLEMENTS = Swiper/Swiper.entitlements;
				CODE_SIGN_STYLE = Automatic;
				CURRENT_PROJECT_VERSION = 1;
				DEVELOPMENT_ASSET_PATHS = "\"Swiper/Preview Content\"";
				DEVELOPMENT_TEAM = UMP66529KW;
				ENABLE_HARDENED_RUNTIME = YES;
				ENABLE_PREVIEWS = YES;
				GENERATE_INFOPLIST_FILE = YES;
				INFOPLIST_KEY_NSPhotoLibraryUsageDescription = "\"Allow PixPurge to change your photo library\"";
				"INFOPLIST_KEY_UIApplicationSceneManifest_Generation[sdk=iphoneos*]" = YES;
				"INFOPLIST_KEY_UIApplicationSceneManifest_Generation[sdk=iphonesimulator*]" = YES;
				"INFOPLIST_KEY_UIApplicationSupportsIndirectInputEvents[sdk=iphoneos*]" = YES;
				"INFOPLIST_KEY_UIApplicationSupportsIndirectInputEvents[sdk=iphonesimulator*]" = YES;
				"INFOPLIST_KEY_UILaunchScreen_Generation[sdk=iphoneos*]" = YES;
				"INFOPLIST_KEY_UILaunchScreen_Generation[sdk=iphonesimulator*]" = YES;
				"INFOPLIST_KEY_UIStatusBarStyle[sdk=iphoneos*]" = UIStatusBarStyleDefault;
				"INFOPLIST_KEY_UIStatusBarStyle[sdk=iphonesimulator*]" = UIStatusBarStyleDefault;
				INFOPLIST_KEY_UISupportedInterfaceOrientations_iPad = "UIInterfaceOrientationPortrait UIInterfaceOrientationPortraitUpsideDown UIInterfaceOrientationLandscapeLeft UIInterfaceOrientationLandscapeRight";
				INFOPLIST_KEY_UISupportedInterfaceOrientations_iPhone = "UIInterfaceOrientationPortrait UIInterfaceOrientationLandscapeLeft UIInterfaceOrientationLandscapeRight";
				IPHONEOS_DEPLOYMENT_TARGET = 17.0;
				LD_RUNPATH_SEARCH_PATHS = "@executable_path/Frameworks";
				"LD_RUNPATH_SEARCH_PATHS[sdk=macosx*]" = "@executable_path/../Frameworks";
				MACOSX_DEPLOYMENT_TARGET = 14.0;
				MARKETING_VERSION = 1.0;
				PRODUCT_BUNDLE_IDENTIFIER = "Sanyukta-Lamsal.Swiper";
				PRODUCT_NAME = "$(TARGET_NAME)";
				SDKROOT = auto;
				SUPPORTED_PLATFORMS = "iphoneos iphonesimulator macosx";
				SWIFT_EMIT_LOC_STRINGS = YES;
				SWIFT_STRICT_CONCURRENCY = minimal;
				SWIFT_VERSION = 5.0;
				TARGETED_DEVICE_FAMILY = "1,2";
			};
			name = Debug;
		};
		9F9B20352CDE9E6C00392A5C /* Release */ = {
			isa = XCBuildConfiguration;
			buildSettings = {
				ASSETCATALOG_COMPILER_APPICON_NAME = AppIcon;
				ASSETCATALOG_COMPILER_GLOBAL_ACCENT_COLOR_NAME = AccentColor;
				CODE_SIGN_ENTITLEMENTS = Swiper/Swiper.entitlements;
				CODE_SIGN_STYLE = Automatic;
				CURRENT_PROJECT_VERSION = 1;
				DEVELOPMENT_ASSET_PATHS = "\"Swiper/Preview Content\"";
				DEVELOPMENT_TEAM = UMP66529KW;
				ENABLE_HARDENED_RUNTIME = YES;
				ENABLE_PREVIEWS = YES;
				GENERATE_INFOPLIST_FILE = YES;
				INFOPLIST_KEY_NSPhotoLibraryUsageDescription = "\"Allow PixPurge to change your photo library\"";
				"INFOPLIST_KEY_UIApplicationSceneManifest_Generation[sdk=iphoneos*]" = YES;
				"INFOPLIST_KEY_UIApplicationSceneManifest_Generation[sdk=iphonesimulator*]" = YES;
				"INFOPLIST_KEY_UIApplicationSupportsIndirectInputEvents[sdk=iphoneos*]" = YES;
				"INFOPLIST_KEY_UIApplicationSupportsIndirectInputEvents[sdk=iphonesimulator*]" = YES;
				"INFOPLIST_KEY_UILaunchScreen_Generation[sdk=iphoneos*]" = YES;
				"INFOPLIST_KEY_UILaunchScreen_Generation[sdk=iphonesimulator*]" = YES;
				"INFOPLIST_KEY_UIStatusBarStyle[sdk=iphoneos*]" = UIStatusBarStyleDefault;
				"INFOPLIST_KEY_UIStatusBarStyle[sdk=iphonesimulator*]" = UIStatusBarStyleDefault;
				INFOPLIST_KEY_UISupportedInterfaceOrientations_iPad = "UIInterfaceOrientationPortrait UIInterfaceOrientationPortraitUpsideDown UIInterfaceOrientationLandscapeLeft UIInterfaceOrientationLandscapeRight";
				INFOPLIST_KEY_UISupportedInterfaceOrientations_iPhone = "UIInterfaceOrientationPortrait UIInterfaceOrientationLandscapeLeft UIInterfaceOrientationLandscapeRight";
				IPHONEOS_DEPLOYMENT_TARGET = 17.0;
				LD_RUNPATH_SEARCH_PATHS = "@executable_path/Frameworks";
				"LD_RUNPATH_SEARCH_PATHS[sdk=macosx*]" = "@executable_path/../Frameworks";
				MACOSX_DEPLOYMENT_TARGET = 14.0;
				MARKETING_VERSION = 1.0;
				PRODUCT_BUNDLE_IDENTIFIER = "Sanyukta-Lamsal.Swiper";
				PRODUCT_NAME = "$(TARGET_NAME)";
				SDKROOT = auto;
				SUPPORTED_PLATFORMS = "iphoneos iphonesimulator macosx";
				SWIFT_EMIT_LOC_STRINGS = YES;
				SWIFT_STRICT_CONCURRENCY = minimal;
				SWIFT_VERSION = 5.0;
				TARGETED_DEVICE_FAMILY = "1,2";
			};
			name = Release;
		};
/* End XCBuildConfiguration section */

/* Begin XCConfigurationList section */
		9F9B201F2CDE9E6B00392A5C /* Build configuration list for PBXProject "Swiper" */ = {
			isa = XCConfigurationList;
			buildConfigurations = (
				9F9B20312CDE9E6C00392A5C /* Debug */,
				9F9B20322CDE9E6C00392A5C /* Release */,
			);
			defaultConfigurationIsVisible = 0;
			defaultConfigurationName = Release;
		};
		9F9B20332CDE9E6C00392A5C /* Build configuration list for PBXNativeTarget "Swiper" */ = {
			isa = XCConfigurationList;
			buildConfigurations = (
				9F9B20342CDE9E6C00392A5C /* Debug */,
				9F9B20352CDE9E6C00392A5C /* Release */,
			);
			defaultConfigurationIsVisible = 0;
			defaultConfigurationName = Release;
		};
/* End XCConfigurationList section */
	};
	rootObject = 9F9B201C2CDE9E6B00392A5C /* Project object */;
}
